
Microsoft Visual Studio Solution File, Format Version 10.00
# Visual Studio 2008
Project("{8BC9CEB8-8B4A-11D0-8D11-00A0C91BC942}") = "m2033core", "m2033core\m2033core_vs2008.vcproj", "{AB983738-94F1-4975-9ABC-6D4A3137E170}"
EndProject
Project("{8BC9CEB8-8B4A-11D0-8D11-00A0C91BC942}") = "max_import", "max_import\max_import_vs2008.vcproj", "{6D454517-99DB-453B-8949-DFF679AE7B91}"
	ProjectSection(ProjectDependencies) = postProject
		{AB983738-94F1-4975-9ABC-6D4A3137E170} = {AB983738-94F1-4975-9ABC-6D4A3137E170}
	EndProjectSection
EndProject
Project("{8BC9CEB8-8B4A-11D0-8D11-00A0C91BC942}") = "magicdds", "magicdds\magicdds_vs2008.vcproj", "{4CF0E608-F7B9-4AE7-8B74-3B0028E2A684}"
EndProject
Project("{FAE04EC0-301F-11D3-BF4B-00C04F79EFBC}") = "UnpackerGUI", "unpacker_gui\UnpackerGUI.csproj", "{EAA8A8AF-0810-453C-8156-83BDE70D026E}"
	ProjectSection(ProjectDependencies) = postProject
		{027F75E7-CA48-4A7C-B381-0B7E3D5E3BAC} = {027F75E7-CA48-4A7C-B381-0B7E3D5E3BAC}
	EndProjectSection
EndProject
Project("{8BC9CEB8-8B4A-11D0-8D11-00A0C91BC942}") = "unpacker", "unpacker\m2033unp_vs2008.vcproj", "{027F75E7-CA48-4A7C-B381-0B7E3D5E3BAC}"
EndProject
Project("{8BC9CEB8-8B4A-11D0-8D11-00A0C91BC942}") = "maya_import", "maya_import\maya_import_vs2008.vcproj", "{18755926-789E-4A1C-B753-5A42CA825FDB}"
	ProjectSection(ProjectDependencies) = postProject
		{AB983738-94F1-4975-9ABC-6D4A3137E170} = {AB983738-94F1-4975-9ABC-6D4A3137E170}
	EndProjectSection
EndProject
Global
	GlobalSection(SolutionConfigurationPlatforms) = preSolution
		3dsMax_2008|Mixed Platforms = 3dsMax_2008|Mixed Platforms
		3dsMax_2008|Win32 = 3dsMax_2008|Win32
		3dsMax_2008|x64 = 3dsMax_2008|x64
		3dsMax_2009|Mixed Platforms = 3dsMax_2009|Mixed Platforms
		3dsMax_2009|Win32 = 3dsMax_2009|Win32
		3dsMax_2009|x64 = 3dsMax_2009|x64
		3dsMax_2010|Mixed Platforms = 3dsMax_2010|Mixed Platforms
		3dsMax_2010|Win32 = 3dsMax_2010|Win32
		3dsMax_2010|x64 = 3dsMax_2010|x64
		3dsMax_2011|Mixed Platforms = 3dsMax_2011|Mixed Platforms
		3dsMax_2011|Win32 = 3dsMax_2011|Win32
		3dsMax_2011|x64 = 3dsMax_2011|x64
		3dsMax_2012|Mixed Platforms = 3dsMax_2012|Mixed Platforms
		3dsMax_2012|Win32 = 3dsMax_2012|Win32
		3dsMax_2012|x64 = 3dsMax_2012|x64
		3dsMax_2013|Mixed Platforms = 3dsMax_2013|Mixed Platforms
		3dsMax_2013|Win32 = 3dsMax_2013|Win32
		3dsMax_2013|x64 = 3dsMax_2013|x64
		3dsMax_2014|Mixed Platforms = 3dsMax_2014|Mixed Platforms
		3dsMax_2014|Win32 = 3dsMax_2014|Win32
		3dsMax_2014|x64 = 3dsMax_2014|x64
		3dsMax_7|Mixed Platforms = 3dsMax_7|Mixed Platforms
		3dsMax_7|Win32 = 3dsMax_7|Win32
		3dsMax_7|x64 = 3dsMax_7|x64
		3dsMax_8|Mixed Platforms = 3dsMax_8|Mixed Platforms
		3dsMax_8|Win32 = 3dsMax_8|Win32
		3dsMax_8|x64 = 3dsMax_8|x64
		3dsMax_9|Mixed Platforms = 3dsMax_9|Mixed Platforms
		3dsMax_9|Win32 = 3dsMax_9|Win32
		3dsMax_9|x64 = 3dsMax_9|x64
		Debug|Mixed Platforms = Debug|Mixed Platforms
		Debug|Win32 = Debug|Win32
		Debug|x64 = Debug|x64
		Maya_2008|Mixed Platforms = Maya_2008|Mixed Platforms
		Maya_2008|Win32 = Maya_2008|Win32
		Maya_2008|x64 = Maya_2008|x64
		Maya_2009|Mixed Platforms = Maya_2009|Mixed Platforms
		Maya_2009|Win32 = Maya_2009|Win32
		Maya_2009|x64 = Maya_2009|x64
		Maya_2010|Mixed Platforms = Maya_2010|Mixed Platforms
		Maya_2010|Win32 = Maya_2010|Win32
		Maya_2010|x64 = Maya_2010|x64
		Maya_2011|Mixed Platforms = Maya_2011|Mixed Platforms
		Maya_2011|Win32 = Maya_2011|Win32
		Maya_2011|x64 = Maya_2011|x64
		Maya_2012|Mixed Platforms = Maya_2012|Mixed Platforms
		Maya_2012|Win32 = Maya_2012|Win32
		Maya_2012|x64 = Maya_2012|x64
		Maya_2013|Mixed Platforms = Maya_2013|Mixed Platforms
		Maya_2013|Win32 = Maya_2013|Win32
		Maya_2013|x64 = Maya_2013|x64
		Maya_2014|Mixed Platforms = Maya_2014|Mixed Platforms
		Maya_2014|Win32 = Maya_2014|Win32
		Maya_2014|x64 = Maya_2014|x64
		Maya_8.5|Mixed Platforms = Maya_8.5|Mixed Platforms
		Maya_8.5|Win32 = Maya_8.5|Win32
		Maya_8.5|x64 = Maya_8.5|x64
		Release|Mixed Platforms = Release|Mixed Platforms
		Release|Win32 = Release|Win32
		Release|x64 = Release|x64
	EndGlobalSection
	GlobalSection(ProjectConfigurationPlatforms) = postSolution
		{AB983738-94F1-4975-9ABC-6D4A3137E170}.3dsMax_2008|Mixed Platforms.ActiveCfg = Release|x64
		{AB983738-94F1-4975-9ABC-6D4A3137E170}.3dsMax_2008|Mixed Platforms.Build.0 = Release|x64
		{AB983738-94F1-4975-9ABC-6D4A3137E170}.3dsMax_2008|Win32.ActiveCfg = Release|Win32
		{AB983738-94F1-4975-9ABC-6D4A3137E170}.3dsMax_2008|Win32.Build.0 = Release|Win32
		{AB983738-94F1-4975-9ABC-6D4A3137E170}.3dsMax_2008|x64.ActiveCfg = Release|x64
		{AB983738-94F1-4975-9ABC-6D4A3137E170}.3dsMax_2008|x64.Build.0 = Release|x64
		{AB983738-94F1-4975-9ABC-6D4A3137E170}.3dsMax_2009|Mixed Platforms.ActiveCfg = Release|x64
		{AB983738-94F1-4975-9ABC-6D4A3137E170}.3dsMax_2009|Mixed Platforms.Build.0 = Release|x64
		{AB983738-94F1-4975-9ABC-6D4A3137E170}.3dsMax_2009|Win32.ActiveCfg = Release|Win32
		{AB983738-94F1-4975-9ABC-6D4A3137E170}.3dsMax_2009|Win32.Build.0 = Release|Win32
		{AB983738-94F1-4975-9ABC-6D4A3137E170}.3dsMax_2009|x64.ActiveCfg = Release|x64
		{AB983738-94F1-4975-9ABC-6D4A3137E170}.3dsMax_2009|x64.Build.0 = Release|x64
		{AB983738-94F1-4975-9ABC-6D4A3137E170}.3dsMax_2010|Mixed Platforms.ActiveCfg = Release|x64
		{AB983738-94F1-4975-9ABC-6D4A3137E170}.3dsMax_2010|Mixed Platforms.Build.0 = Release|x64
		{AB983738-94F1-4975-9ABC-6D4A3137E170}.3dsMax_2010|Win32.ActiveCfg = Release|Win32
		{AB983738-94F1-4975-9ABC-6D4A3137E170}.3dsMax_2010|Win32.Build.0 = Release|Win32
		{AB983738-94F1-4975-9ABC-6D4A3137E170}.3dsMax_2010|x64.ActiveCfg = Release|x64
		{AB983738-94F1-4975-9ABC-6D4A3137E170}.3dsMax_2010|x64.Build.0 = Release|x64
		{AB983738-94F1-4975-9ABC-6D4A3137E170}.3dsMax_2011|Mixed Platforms.ActiveCfg = Release|x64
		{AB983738-94F1-4975-9ABC-6D4A3137E170}.3dsMax_2011|Mixed Platforms.Build.0 = Release|x64
		{AB983738-94F1-4975-9ABC-6D4A3137E170}.3dsMax_2011|Win32.ActiveCfg = Release|Win32
		{AB983738-94F1-4975-9ABC-6D4A3137E170}.3dsMax_2011|Win32.Build.0 = Release|Win32
		{AB983738-94F1-4975-9ABC-6D4A3137E170}.3dsMax_2011|x64.ActiveCfg = Release|x64
		{AB983738-94F1-4975-9ABC-6D4A3137E170}.3dsMax_2011|x64.Build.0 = Release|x64
		{AB983738-94F1-4975-9ABC-6D4A3137E170}.3dsMax_2012|Mixed Platforms.ActiveCfg = Release|x64
		{AB983738-94F1-4975-9ABC-6D4A3137E170}.3dsMax_2012|Mixed Platforms.Build.0 = Release|x64
		{AB983738-94F1-4975-9ABC-6D4A3137E170}.3dsMax_2012|Win32.ActiveCfg = Release|Win32
		{AB983738-94F1-4975-9ABC-6D4A3137E170}.3dsMax_2012|Win32.Build.0 = Release|Win32
		{AB983738-94F1-4975-9ABC-6D4A3137E170}.3dsMax_2012|x64.ActiveCfg = Release|x64
		{AB983738-94F1-4975-9ABC-6D4A3137E170}.3dsMax_2012|x64.Build.0 = Release|x64
		{AB983738-94F1-4975-9ABC-6D4A3137E170}.3dsMax_2013|Mixed Platforms.ActiveCfg = Release|x64
		{AB983738-94F1-4975-9ABC-6D4A3137E170}.3dsMax_2013|Mixed Platforms.Build.0 = Release|x64
		{AB983738-94F1-4975-9ABC-6D4A3137E170}.3dsMax_2013|Win32.ActiveCfg = Release|Win32
		{AB983738-94F1-4975-9ABC-6D4A3137E170}.3dsMax_2013|Win32.Build.0 = Release|Win32
		{AB983738-94F1-4975-9ABC-6D4A3137E170}.3dsMax_2013|x64.ActiveCfg = Release|x64
		{AB983738-94F1-4975-9ABC-6D4A3137E170}.3dsMax_2013|x64.Build.0 = Release|x64
		{AB983738-94F1-4975-9ABC-6D4A3137E170}.3dsMax_2014|Mixed Platforms.ActiveCfg = Release|x64
		{AB983738-94F1-4975-9ABC-6D4A3137E170}.3dsMax_2014|Mixed Platforms.Build.0 = Release|x64
		{AB983738-94F1-4975-9ABC-6D4A3137E170}.3dsMax_2014|Win32.ActiveCfg = Debug|Win32
		{AB983738-94F1-4975-9ABC-6D4A3137E170}.3dsMax_2014|Win32.Build.0 = Debug|Win32
		{AB983738-94F1-4975-9ABC-6D4A3137E170}.3dsMax_2014|x64.ActiveCfg = Debug|x64
		{AB983738-94F1-4975-9ABC-6D4A3137E170}.3dsMax_2014|x64.Build.0 = Debug|x64
		{AB983738-94F1-4975-9ABC-6D4A3137E170}.3dsMax_7|Mixed Platforms.ActiveCfg = Release|x64
		{AB983738-94F1-4975-9ABC-6D4A3137E170}.3dsMax_7|Mixed Platforms.Build.0 = Release|x64
		{AB983738-94F1-4975-9ABC-6D4A3137E170}.3dsMax_7|Win32.ActiveCfg = Release|Win32
		{AB983738-94F1-4975-9ABC-6D4A3137E170}.3dsMax_7|Win32.Build.0 = Release|Win32
		{AB983738-94F1-4975-9ABC-6D4A3137E170}.3dsMax_7|x64.ActiveCfg = Release|x64
		{AB983738-94F1-4975-9ABC-6D4A3137E170}.3dsMax_8|Mixed Platforms.ActiveCfg = Release|x64
		{AB983738-94F1-4975-9ABC-6D4A3137E170}.3dsMax_8|Mixed Platforms.Build.0 = Release|x64
		{AB983738-94F1-4975-9ABC-6D4A3137E170}.3dsMax_8|Win32.ActiveCfg = Release|Win32
		{AB983738-94F1-4975-9ABC-6D4A3137E170}.3dsMax_8|Win32.Build.0 = Release|Win32
		{AB983738-94F1-4975-9ABC-6D4A3137E170}.3dsMax_8|x64.ActiveCfg = Release|x64
		{AB983738-94F1-4975-9ABC-6D4A3137E170}.3dsMax_9|Mixed Platforms.ActiveCfg = Release|x64
		{AB983738-94F1-4975-9ABC-6D4A3137E170}.3dsMax_9|Mixed Platforms.Build.0 = Release|x64
		{AB983738-94F1-4975-9ABC-6D4A3137E170}.3dsMax_9|Win32.ActiveCfg = Release|Win32
		{AB983738-94F1-4975-9ABC-6D4A3137E170}.3dsMax_9|Win32.Build.0 = Release|Win32
		{AB983738-94F1-4975-9ABC-6D4A3137E170}.3dsMax_9|x64.ActiveCfg = Release|x64
		{AB983738-94F1-4975-9ABC-6D4A3137E170}.3dsMax_9|x64.Build.0 = Release|x64
		{AB983738-94F1-4975-9ABC-6D4A3137E170}.Debug|Mixed Platforms.ActiveCfg = Debug|x64
		{AB983738-94F1-4975-9ABC-6D4A3137E170}.Debug|Mixed Platforms.Build.0 = Debug|x64
		{AB983738-94F1-4975-9ABC-6D4A3137E170}.Debug|Win32.ActiveCfg = Debug|Win32
		{AB983738-94F1-4975-9ABC-6D4A3137E170}.Debug|Win32.Build.0 = Debug|Win32
		{AB983738-94F1-4975-9ABC-6D4A3137E170}.Debug|x64.ActiveCfg = Debug|x64
		{AB983738-94F1-4975-9ABC-6D4A3137E170}.Debug|x64.Build.0 = Debug|x64
		{AB983738-94F1-4975-9ABC-6D4A3137E170}.Maya_2008|Mixed Platforms.ActiveCfg = Release|x64
		{AB983738-94F1-4975-9ABC-6D4A3137E170}.Maya_2008|Mixed Platforms.Build.0 = Release|x64
		{AB983738-94F1-4975-9ABC-6D4A3137E170}.Maya_2008|Win32.ActiveCfg = Release|Win32
		{AB983738-94F1-4975-9ABC-6D4A3137E170}.Maya_2008|Win32.Build.0 = Release|Win32
		{AB983738-94F1-4975-9ABC-6D4A3137E170}.Maya_2008|x64.ActiveCfg = Release|x64
		{AB983738-94F1-4975-9ABC-6D4A3137E170}.Maya_2008|x64.Build.0 = Release|x64
		{AB983738-94F1-4975-9ABC-6D4A3137E170}.Maya_2009|Mixed Platforms.ActiveCfg = Release|x64
		{AB983738-94F1-4975-9ABC-6D4A3137E170}.Maya_2009|Mixed Platforms.Build.0 = Release|x64
		{AB983738-94F1-4975-9ABC-6D4A3137E170}.Maya_2009|Win32.ActiveCfg = Release|Win32
		{AB983738-94F1-4975-9ABC-6D4A3137E170}.Maya_2009|Win32.Build.0 = Release|Win32
		{AB983738-94F1-4975-9ABC-6D4A3137E170}.Maya_2009|x64.ActiveCfg = Release|x64
		{AB983738-94F1-4975-9ABC-6D4A3137E170}.Maya_2009|x64.Build.0 = Release|x64
		{AB983738-94F1-4975-9ABC-6D4A3137E170}.Maya_2010|Mixed Platforms.ActiveCfg = Release|x64
		{AB983738-94F1-4975-9ABC-6D4A3137E170}.Maya_2010|Mixed Platforms.Build.0 = Release|x64
		{AB983738-94F1-4975-9ABC-6D4A3137E170}.Maya_2010|Win32.ActiveCfg = Release|Win32
		{AB983738-94F1-4975-9ABC-6D4A3137E170}.Maya_2010|Win32.Build.0 = Release|Win32
		{AB983738-94F1-4975-9ABC-6D4A3137E170}.Maya_2010|x64.ActiveCfg = Release|x64
		{AB983738-94F1-4975-9ABC-6D4A3137E170}.Maya_2010|x64.Build.0 = Release|x64
		{AB983738-94F1-4975-9ABC-6D4A3137E170}.Maya_2011|Mixed Platforms.ActiveCfg = Release|x64
		{AB983738-94F1-4975-9ABC-6D4A3137E170}.Maya_2011|Mixed Platforms.Build.0 = Release|x64
		{AB983738-94F1-4975-9ABC-6D4A3137E170}.Maya_2011|Win32.ActiveCfg = Release|Win32
		{AB983738-94F1-4975-9ABC-6D4A3137E170}.Maya_2011|Win32.Build.0 = Release|Win32
		{AB983738-94F1-4975-9ABC-6D4A3137E170}.Maya_2011|x64.ActiveCfg = Release|x64
		{AB983738-94F1-4975-9ABC-6D4A3137E170}.Maya_2011|x64.Build.0 = Release|x64
		{AB983738-94F1-4975-9ABC-6D4A3137E170}.Maya_2012|Mixed Platforms.ActiveCfg = Release|x64
		{AB983738-94F1-4975-9ABC-6D4A3137E170}.Maya_2012|Mixed Platforms.Build.0 = Release|x64
		{AB983738-94F1-4975-9ABC-6D4A3137E170}.Maya_2012|Win32.ActiveCfg = Release|Win32
		{AB983738-94F1-4975-9ABC-6D4A3137E170}.Maya_2012|Win32.Build.0 = Release|Win32
		{AB983738-94F1-4975-9ABC-6D4A3137E170}.Maya_2012|x64.ActiveCfg = Release|x64
		{AB983738-94F1-4975-9ABC-6D4A3137E170}.Maya_2012|x64.Build.0 = Release|x64
		{AB983738-94F1-4975-9ABC-6D4A3137E170}.Maya_2013|Mixed Platforms.ActiveCfg = Release|x64
		{AB983738-94F1-4975-9ABC-6D4A3137E170}.Maya_2013|Mixed Platforms.Build.0 = Release|x64
		{AB983738-94F1-4975-9ABC-6D4A3137E170}.Maya_2013|Win32.ActiveCfg = Release|Win32
		{AB983738-94F1-4975-9ABC-6D4A3137E170}.Maya_2013|Win32.Build.0 = Release|Win32
		{AB983738-94F1-4975-9ABC-6D4A3137E170}.Maya_2013|x64.ActiveCfg = Release|x64
		{AB983738-94F1-4975-9ABC-6D4A3137E170}.Maya_2013|x64.Build.0 = Release|x64
		{AB983738-94F1-4975-9ABC-6D4A3137E170}.Maya_2014|Mixed Platforms.ActiveCfg = Release|x64
		{AB983738-94F1-4975-9ABC-6D4A3137E170}.Maya_2014|Mixed Platforms.Build.0 = Release|x64
		{AB983738-94F1-4975-9ABC-6D4A3137E170}.Maya_2014|Win32.ActiveCfg = Release|Win32
		{AB983738-94F1-4975-9ABC-6D4A3137E170}.Maya_2014|x64.ActiveCfg = Release|x64
		{AB983738-94F1-4975-9ABC-6D4A3137E170}.Maya_2014|x64.Build.0 = Release|x64
		{AB983738-94F1-4975-9ABC-6D4A3137E170}.Maya_8.5|Mixed Platforms.ActiveCfg = Release|x64
		{AB983738-94F1-4975-9ABC-6D4A3137E170}.Maya_8.5|Mixed Platforms.Build.0 = Release|x64
		{AB983738-94F1-4975-9ABC-6D4A3137E170}.Maya_8.5|Win32.ActiveCfg = Release|Win32
		{AB983738-94F1-4975-9ABC-6D4A3137E170}.Maya_8.5|Win32.Build.0 = Release|Win32
		{AB983738-94F1-4975-9ABC-6D4A3137E170}.Maya_8.5|x64.ActiveCfg = Release|x64
		{AB983738-94F1-4975-9ABC-6D4A3137E170}.Maya_8.5|x64.Build.0 = Release|x64
		{AB983738-94F1-4975-9ABC-6D4A3137E170}.Release|Mixed Platforms.ActiveCfg = Release|x64
		{AB983738-94F1-4975-9ABC-6D4A3137E170}.Release|Mixed Platforms.Build.0 = Release|x64
		{AB983738-94F1-4975-9ABC-6D4A3137E170}.Release|Win32.ActiveCfg = Release|Win32
		{AB983738-94F1-4975-9ABC-6D4A3137E170}.Release|Win32.Build.0 = Release|Win32
		{AB983738-94F1-4975-9ABC-6D4A3137E170}.Release|x64.ActiveCfg = Release|x64
		{AB983738-94F1-4975-9ABC-6D4A3137E170}.Release|x64.Build.0 = Release|x64
		{6D454517-99DB-453B-8949-DFF679AE7B91}.3dsMax_2008|Mixed Platforms.ActiveCfg = 3dsMax_2008|x64
		{6D454517-99DB-453B-8949-DFF679AE7B91}.3dsMax_2008|Mixed Platforms.Build.0 = 3dsMax_2008|x64
		{6D454517-99DB-453B-8949-DFF679AE7B91}.3dsMax_2008|Win32.ActiveCfg = 3dsMax_2008|Win32
		{6D454517-99DB-453B-8949-DFF679AE7B91}.3dsMax_2008|Win32.Build.0 = 3dsMax_2008|Win32
		{6D454517-99DB-453B-8949-DFF679AE7B91}.3dsMax_2008|x64.ActiveCfg = 3dsMax_2008|x64
		{6D454517-99DB-453B-8949-DFF679AE7B91}.3dsMax_2008|x64.Build.0 = 3dsMax_2008|x64
		{6D454517-99DB-453B-8949-DFF679AE7B91}.3dsMax_2009|Mixed Platforms.ActiveCfg = 3dsMax_2009|x64
		{6D454517-99DB-453B-8949-DFF679AE7B91}.3dsMax_2009|Mixed Platforms.Build.0 = 3dsMax_2009|x64
		{6D454517-99DB-453B-8949-DFF679AE7B91}.3dsMax_2009|Win32.ActiveCfg = 3dsMax_2009|Win32
		{6D454517-99DB-453B-8949-DFF679AE7B91}.3dsMax_2009|Win32.Build.0 = 3dsMax_2009|Win32
		{6D454517-99DB-453B-8949-DFF679AE7B91}.3dsMax_2009|x64.ActiveCfg = 3dsMax_2009|x64
		{6D454517-99DB-453B-8949-DFF679AE7B91}.3dsMax_2009|x64.Build.0 = 3dsMax_2009|x64
		{6D454517-99DB-453B-8949-DFF679AE7B91}.3dsMax_2010|Mixed Platforms.ActiveCfg = 3dsMax_2010|x64
		{6D454517-99DB-453B-8949-DFF679AE7B91}.3dsMax_2010|Mixed Platforms.Build.0 = 3dsMax_2010|x64
		{6D454517-99DB-453B-8949-DFF679AE7B91}.3dsMax_2010|Win32.ActiveCfg = 3dsMax_2010|Win32
		{6D454517-99DB-453B-8949-DFF679AE7B91}.3dsMax_2010|Win32.Build.0 = 3dsMax_2010|Win32
		{6D454517-99DB-453B-8949-DFF679AE7B91}.3dsMax_2010|x64.ActiveCfg = 3dsMax_2010|x64
		{6D454517-99DB-453B-8949-DFF679AE7B91}.3dsMax_2010|x64.Build.0 = 3dsMax_2010|x64
		{6D454517-99DB-453B-8949-DFF679AE7B91}.3dsMax_2011|Mixed Platforms.ActiveCfg = 3dsMax_2011|x64
		{6D454517-99DB-453B-8949-DFF679AE7B91}.3dsMax_2011|Mixed Platforms.Build.0 = 3dsMax_2011|x64
		{6D454517-99DB-453B-8949-DFF679AE7B91}.3dsMax_2011|Win32.ActiveCfg = 3dsMax_2011|Win32
		{6D454517-99DB-453B-8949-DFF679AE7B91}.3dsMax_2011|Win32.Build.0 = 3dsMax_2011|Win32
		{6D454517-99DB-453B-8949-DFF679AE7B91}.3dsMax_2011|x64.ActiveCfg = 3dsMax_2011|x64
		{6D454517-99DB-453B-8949-DFF679AE7B91}.3dsMax_2011|x64.Build.0 = 3dsMax_2011|x64
		{6D454517-99DB-453B-8949-DFF679AE7B91}.3dsMax_2012|Mixed Platforms.ActiveCfg = 3dsMax_2012|x64
		{6D454517-99DB-453B-8949-DFF679AE7B91}.3dsMax_2012|Mixed Platforms.Build.0 = 3dsMax_2012|x64
		{6D454517-99DB-453B-8949-DFF679AE7B91}.3dsMax_2012|Win32.ActiveCfg = 3dsMax_2012|Win32
		{6D454517-99DB-453B-8949-DFF679AE7B91}.3dsMax_2012|Win32.Build.0 = 3dsMax_2012|Win32
		{6D454517-99DB-453B-8949-DFF679AE7B91}.3dsMax_2012|x64.ActiveCfg = 3dsMax_2012|x64
		{6D454517-99DB-453B-8949-DFF679AE7B91}.3dsMax_2012|x64.Build.0 = 3dsMax_2012|x64
		{6D454517-99DB-453B-8949-DFF679AE7B91}.3dsMax_2013|Mixed Platforms.ActiveCfg = 3dsMax_2013|x64
		{6D454517-99DB-453B-8949-DFF679AE7B91}.3dsMax_2013|Mixed Platforms.Build.0 = 3dsMax_2013|x64
		{6D454517-99DB-453B-8949-DFF679AE7B91}.3dsMax_2013|Win32.ActiveCfg = 3dsMax_2013|Win32
		{6D454517-99DB-453B-8949-DFF679AE7B91}.3dsMax_2013|Win32.Build.0 = 3dsMax_2013|Win32
		{6D454517-99DB-453B-8949-DFF679AE7B91}.3dsMax_2013|x64.ActiveCfg = 3dsMax_2013|x64
		{6D454517-99DB-453B-8949-DFF679AE7B91}.3dsMax_2013|x64.Build.0 = 3dsMax_2013|x64
		{6D454517-99DB-453B-8949-DFF679AE7B91}.3dsMax_2014|Mixed Platforms.ActiveCfg = 3dsMax_2014|x64
		{6D454517-99DB-453B-8949-DFF679AE7B91}.3dsMax_2014|Mixed Platforms.Build.0 = 3dsMax_2014|x64
		{6D454517-99DB-453B-8949-DFF679AE7B91}.3dsMax_2014|Win32.ActiveCfg = 3dsMax_2014|Win32
		{6D454517-99DB-453B-8949-DFF679AE7B91}.3dsMax_2014|Win32.Build.0 = 3dsMax_2014|Win32
		{6D454517-99DB-453B-8949-DFF679AE7B91}.3dsMax_2014|x64.ActiveCfg = 3dsMax_2014|x64
		{6D454517-99DB-453B-8949-DFF679AE7B91}.3dsMax_2014|x64.Build.0 = 3dsMax_2014|x64
		{6D454517-99DB-453B-8949-DFF679AE7B91}.3dsMax_7|Mixed Platforms.ActiveCfg = 3dsMax_7|x64
		{6D454517-99DB-453B-8949-DFF679AE7B91}.3dsMax_7|Mixed Platforms.Build.0 = 3dsMax_7|x64
		{6D454517-99DB-453B-8949-DFF679AE7B91}.3dsMax_7|Win32.ActiveCfg = 3dsMax_7|Win32
		{6D454517-99DB-453B-8949-DFF679AE7B91}.3dsMax_7|Win32.Build.0 = 3dsMax_7|Win32
		{6D454517-99DB-453B-8949-DFF679AE7B91}.3dsMax_7|x64.ActiveCfg = 3dsMax_7|x64
		{6D454517-99DB-453B-8949-DFF679AE7B91}.3dsMax_8|Mixed Platforms.ActiveCfg = 3dsMax_8|x64
		{6D454517-99DB-453B-8949-DFF679AE7B91}.3dsMax_8|Mixed Platforms.Build.0 = 3dsMax_8|x64
		{6D454517-99DB-453B-8949-DFF679AE7B91}.3dsMax_8|Win32.ActiveCfg = 3dsMax_8|Win32
		{6D454517-99DB-453B-8949-DFF679AE7B91}.3dsMax_8|Win32.Build.0 = 3dsMax_8|Win32
		{6D454517-99DB-453B-8949-DFF679AE7B91}.3dsMax_8|x64.ActiveCfg = 3dsMax_8|x64
		{6D454517-99DB-453B-8949-DFF679AE7B91}.3dsMax_9|Mixed Platforms.ActiveCfg = 3dsMax_9|x64
		{6D454517-99DB-453B-8949-DFF679AE7B91}.3dsMax_9|Mixed Platforms.Build.0 = 3dsMax_9|x64
		{6D454517-99DB-453B-8949-DFF679AE7B91}.3dsMax_9|Win32.ActiveCfg = 3dsMax_9|Win32
		{6D454517-99DB-453B-8949-DFF679AE7B91}.3dsMax_9|Win32.Build.0 = 3dsMax_9|Win32
		{6D454517-99DB-453B-8949-DFF679AE7B91}.3dsMax_9|x64.ActiveCfg = 3dsMax_9|x64
		{6D454517-99DB-453B-8949-DFF679AE7B91}.3dsMax_9|x64.Build.0 = 3dsMax_9|x64
		{6D454517-99DB-453B-8949-DFF679AE7B91}.Debug|Mixed Platforms.ActiveCfg = 3dsMax_2012|x64
		{6D454517-99DB-453B-8949-DFF679AE7B91}.Debug|Mixed Platforms.Build.0 = 3dsMax_2012|x64
		{6D454517-99DB-453B-8949-DFF679AE7B91}.Debug|Win32.ActiveCfg = 3dsMax_7|Win32
		{6D454517-99DB-453B-8949-DFF679AE7B91}.Debug|x64.ActiveCfg = 3dsMax_7|x64
		{6D454517-99DB-453B-8949-DFF679AE7B91}.Maya_2008|Mixed Platforms.ActiveCfg = 3dsMax_2012|x64
		{6D454517-99DB-453B-8949-DFF679AE7B91}.Maya_2008|Mixed Platforms.Build.0 = 3dsMax_2012|x64
		{6D454517-99DB-453B-8949-DFF679AE7B91}.Maya_2008|Win32.ActiveCfg = 3dsMax_7|Win32
		{6D454517-99DB-453B-8949-DFF679AE7B91}.Maya_2008|x64.ActiveCfg = 3dsMax_7|x64
		{6D454517-99DB-453B-8949-DFF679AE7B91}.Maya_2009|Mixed Platforms.ActiveCfg = 3dsMax_2012|x64
		{6D454517-99DB-453B-8949-DFF679AE7B91}.Maya_2009|Mixed Platforms.Build.0 = 3dsMax_2012|x64
		{6D454517-99DB-453B-8949-DFF679AE7B91}.Maya_2009|Win32.ActiveCfg = 3dsMax_7|Win32
		{6D454517-99DB-453B-8949-DFF679AE7B91}.Maya_2009|x64.ActiveCfg = 3dsMax_7|x64
		{6D454517-99DB-453B-8949-DFF679AE7B91}.Maya_2010|Mixed Platforms.ActiveCfg = 3dsMax_2012|x64
		{6D454517-99DB-453B-8949-DFF679AE7B91}.Maya_2010|Mixed Platforms.Build.0 = 3dsMax_2012|x64
		{6D454517-99DB-453B-8949-DFF679AE7B91}.Maya_2010|Win32.ActiveCfg = 3dsMax_7|Win32
		{6D454517-99DB-453B-8949-DFF679AE7B91}.Maya_2010|x64.ActiveCfg = 3dsMax_7|x64
		{6D454517-99DB-453B-8949-DFF679AE7B91}.Maya_2011|Mixed Platforms.ActiveCfg = 3dsMax_2012|x64
		{6D454517-99DB-453B-8949-DFF679AE7B91}.Maya_2011|Mixed Platforms.Build.0 = 3dsMax_2012|x64
		{6D454517-99DB-453B-8949-DFF679AE7B91}.Maya_2011|Win32.ActiveCfg = 3dsMax_7|Win32
		{6D454517-99DB-453B-8949-DFF679AE7B91}.Maya_2011|x64.ActiveCfg = 3dsMax_7|x64
		{6D454517-99DB-453B-8949-DFF679AE7B91}.Maya_2012|Mixed Platforms.ActiveCfg = 3dsMax_2012|x64
		{6D454517-99DB-453B-8949-DFF679AE7B91}.Maya_2012|Mixed Platforms.Build.0 = 3dsMax_2012|x64
		{6D454517-99DB-453B-8949-DFF679AE7B91}.Maya_2012|Win32.ActiveCfg = 3dsMax_7|Win32
		{6D454517-99DB-453B-8949-DFF679AE7B91}.Maya_2012|x64.ActiveCfg = 3dsMax_7|x64
		{6D454517-99DB-453B-8949-DFF679AE7B91}.Maya_2013|Mixed Platforms.ActiveCfg = 3dsMax_2012|x64
		{6D454517-99DB-453B-8949-DFF679AE7B91}.Maya_2013|Mixed Platforms.Build.0 = 3dsMax_2012|x64
		{6D454517-99DB-453B-8949-DFF679AE7B91}.Maya_2013|Win32.ActiveCfg = 3dsMax_7|Win32
		{6D454517-99DB-453B-8949-DFF679AE7B91}.Maya_2013|x64.ActiveCfg = 3dsMax_7|x64
		{6D454517-99DB-453B-8949-DFF679AE7B91}.Maya_2014|Mixed Platforms.ActiveCfg = 3dsMax_2012|x64
		{6D454517-99DB-453B-8949-DFF679AE7B91}.Maya_2014|Mixed Platforms.Build.0 = 3dsMax_2012|x64
		{6D454517-99DB-453B-8949-DFF679AE7B91}.Maya_2014|Win32.ActiveCfg = 3dsMax_7|Win32
		{6D454517-99DB-453B-8949-DFF679AE7B91}.Maya_2014|x64.ActiveCfg = 3dsMax_7|x64
		{6D454517-99DB-453B-8949-DFF679AE7B91}.Maya_8.5|Mixed Platforms.ActiveCfg = 3dsMax_2012|x64
		{6D454517-99DB-453B-8949-DFF679AE7B91}.Maya_8.5|Mixed Platforms.Build.0 = 3dsMax_2012|x64
		{6D454517-99DB-453B-8949-DFF679AE7B91}.Maya_8.5|Win32.ActiveCfg = 3dsMax_2012|Win32
		{6D454517-99DB-453B-8949-DFF679AE7B91}.Maya_8.5|x64.ActiveCfg = 3dsMax_2012|x64
		{6D454517-99DB-453B-8949-DFF679AE7B91}.Release|Mixed Platforms.ActiveCfg = 3dsMax_2012|x64
		{6D454517-99DB-453B-8949-DFF679AE7B91}.Release|Mixed Platforms.Build.0 = 3dsMax_2012|x64
		{6D454517-99DB-453B-8949-DFF679AE7B91}.Release|Win32.ActiveCfg = 3dsMax_7|Win32
		{6D454517-99DB-453B-8949-DFF679AE7B91}.Release|x64.ActiveCfg = 3dsMax_7|x64
		{4CF0E608-F7B9-4AE7-8B74-3B0028E2A684}.3dsMax_2008|Mixed Platforms.ActiveCfg = Release|x64
		{4CF0E608-F7B9-4AE7-8B74-3B0028E2A684}.3dsMax_2008|Mixed Platforms.Build.0 = Release|x64
		{4CF0E608-F7B9-4AE7-8B74-3B0028E2A684}.3dsMax_2008|Win32.ActiveCfg = Release|Win32
		{4CF0E608-F7B9-4AE7-8B74-3B0028E2A684}.3dsMax_2008|x64.ActiveCfg = Release|x64
		{4CF0E608-F7B9-4AE7-8B74-3B0028E2A684}.3dsMax_2009|Mixed Platforms.ActiveCfg = Release|x64
		{4CF0E608-F7B9-4AE7-8B74-3B0028E2A684}.3dsMax_2009|Mixed Platforms.Build.0 = Release|x64
		{4CF0E608-F7B9-4AE7-8B74-3B0028E2A684}.3dsMax_2009|Win32.ActiveCfg = Release|Win32
		{4CF0E608-F7B9-4AE7-8B74-3B0028E2A684}.3dsMax_2009|x64.ActiveCfg = Release|x64
		{4CF0E608-F7B9-4AE7-8B74-3B0028E2A684}.3dsMax_2010|Mixed Platforms.ActiveCfg = Release|x64
		{4CF0E608-F7B9-4AE7-8B74-3B0028E2A684}.3dsMax_2010|Mixed Platforms.Build.0 = Release|x64
		{4CF0E608-F7B9-4AE7-8B74-3B0028E2A684}.3dsMax_2010|Win32.ActiveCfg = Release|Win32
		{4CF0E608-F7B9-4AE7-8B74-3B0028E2A684}.3dsMax_2010|x64.ActiveCfg = Release|x64
		{4CF0E608-F7B9-4AE7-8B74-3B0028E2A684}.3dsMax_2011|Mixed Platforms.ActiveCfg = Release|x64
		{4CF0E608-F7B9-4AE7-8B74-3B0028E2A684}.3dsMax_2011|Mixed Platforms.Build.0 = Release|x64
		{4CF0E608-F7B9-4AE7-8B74-3B0028E2A684}.3dsMax_2011|Win32.ActiveCfg = Release|Win32
		{4CF0E608-F7B9-4AE7-8B74-3B0028E2A684}.3dsMax_2011|x64.ActiveCfg = Release|x64
		{4CF0E608-F7B9-4AE7-8B74-3B0028E2A684}.3dsMax_2012|Mixed Platforms.ActiveCfg = Release|x64
		{4CF0E608-F7B9-4AE7-8B74-3B0028E2A684}.3dsMax_2012|Mixed Platforms.Build.0 = Release|x64
		{4CF0E608-F7B9-4AE7-8B74-3B0028E2A684}.3dsMax_2012|Win32.ActiveCfg = Release|Win32
		{4CF0E608-F7B9-4AE7-8B74-3B0028E2A684}.3dsMax_2012|x64.ActiveCfg = Release|x64
		{4CF0E608-F7B9-4AE7-8B74-3B0028E2A684}.3dsMax_2013|Mixed Platforms.ActiveCfg = Release|x64
		{4CF0E608-F7B9-4AE7-8B74-3B0028E2A684}.3dsMax_2013|Mixed Platforms.Build.0 = Release|x64
		{4CF0E608-F7B9-4AE7-8B74-3B0028E2A684}.3dsMax_2013|Win32.ActiveCfg = Release|Win32
		{4CF0E608-F7B9-4AE7-8B74-3B0028E2A684}.3dsMax_2013|x64.ActiveCfg = Release|x64
		{4CF0E608-F7B9-4AE7-8B74-3B0028E2A684}.3dsMax_2014|Mixed Platforms.ActiveCfg = Release|x64
		{4CF0E608-F7B9-4AE7-8B74-3B0028E2A684}.3dsMax_2014|Mixed Platforms.Build.0 = Release|x64
		{4CF0E608-F7B9-4AE7-8B74-3B0028E2A684}.3dsMax_2014|Win32.ActiveCfg = Debug|Win32
		{4CF0E608-F7B9-4AE7-8B74-3B0028E2A684}.3dsMax_2014|x64.ActiveCfg = Debug|x64
		{4CF0E608-F7B9-4AE7-8B74-3B0028E2A684}.3dsMax_7|Mixed Platforms.ActiveCfg = Release|x64
		{4CF0E608-F7B9-4AE7-8B74-3B0028E2A684}.3dsMax_7|Mixed Platforms.Build.0 = Release|x64
		{4CF0E608-F7B9-4AE7-8B74-3B0028E2A684}.3dsMax_7|Win32.ActiveCfg = Release|Win32
		{4CF0E608-F7B9-4AE7-8B74-3B0028E2A684}.3dsMax_7|x64.ActiveCfg = Release|x64
		{4CF0E608-F7B9-4AE7-8B74-3B0028E2A684}.3dsMax_8|Mixed Platforms.ActiveCfg = Release|x64
		{4CF0E608-F7B9-4AE7-8B74-3B0028E2A684}.3dsMax_8|Mixed Platforms.Build.0 = Release|x64
		{4CF0E608-F7B9-4AE7-8B74-3B0028E2A684}.3dsMax_8|Win32.ActiveCfg = Release|Win32
		{4CF0E608-F7B9-4AE7-8B74-3B0028E2A684}.3dsMax_8|x64.ActiveCfg = Release|x64
		{4CF0E608-F7B9-4AE7-8B74-3B0028E2A684}.3dsMax_9|Mixed Platforms.ActiveCfg = Release|x64
		{4CF0E608-F7B9-4AE7-8B74-3B0028E2A684}.3dsMax_9|Mixed Platforms.Build.0 = Release|x64
		{4CF0E608-F7B9-4AE7-8B74-3B0028E2A684}.3dsMax_9|Win32.ActiveCfg = Release|Win32
		{4CF0E608-F7B9-4AE7-8B74-3B0028E2A684}.3dsMax_9|x64.ActiveCfg = Release|x64
		{4CF0E608-F7B9-4AE7-8B74-3B0028E2A684}.Debug|Mixed Platforms.ActiveCfg = Debug|x64
		{4CF0E608-F7B9-4AE7-8B74-3B0028E2A684}.Debug|Mixed Platforms.Build.0 = Debug|x64
		{4CF0E608-F7B9-4AE7-8B74-3B0028E2A684}.Debug|Win32.ActiveCfg = Debug|Win32
		{4CF0E608-F7B9-4AE7-8B74-3B0028E2A684}.Debug|Win32.Build.0 = Debug|Win32
		{4CF0E608-F7B9-4AE7-8B74-3B0028E2A684}.Debug|x64.ActiveCfg = Debug|x64
		{4CF0E608-F7B9-4AE7-8B74-3B0028E2A684}.Debug|x64.Build.0 = Debug|x64
		{4CF0E608-F7B9-4AE7-8B74-3B0028E2A684}.Maya_2008|Mixed Platforms.ActiveCfg = Release|x64
		{4CF0E608-F7B9-4AE7-8B74-3B0028E2A684}.Maya_2008|Mixed Platforms.Build.0 = Release|x64
		{4CF0E608-F7B9-4AE7-8B74-3B0028E2A684}.Maya_2008|Win32.ActiveCfg = Release|Win32
		{4CF0E608-F7B9-4AE7-8B74-3B0028E2A684}.Maya_2008|x64.ActiveCfg = Release|x64
		{4CF0E608-F7B9-4AE7-8B74-3B0028E2A684}.Maya_2009|Mixed Platforms.ActiveCfg = Release|x64
		{4CF0E608-F7B9-4AE7-8B74-3B0028E2A684}.Maya_2009|Mixed Platforms.Build.0 = Release|x64
		{4CF0E608-F7B9-4AE7-8B74-3B0028E2A684}.Maya_2009|Win32.ActiveCfg = Release|Win32
		{4CF0E608-F7B9-4AE7-8B74-3B0028E2A684}.Maya_2009|x64.ActiveCfg = Release|x64
		{4CF0E608-F7B9-4AE7-8B74-3B0028E2A684}.Maya_2010|Mixed Platforms.ActiveCfg = Release|x64
		{4CF0E608-F7B9-4AE7-8B74-3B0028E2A684}.Maya_2010|Mixed Platforms.Build.0 = Release|x64
		{4CF0E608-F7B9-4AE7-8B74-3B0028E2A684}.Maya_2010|Win32.ActiveCfg = Release|Win32
		{4CF0E608-F7B9-4AE7-8B74-3B0028E2A684}.Maya_2010|x64.ActiveCfg = Release|x64
		{4CF0E608-F7B9-4AE7-8B74-3B0028E2A684}.Maya_2011|Mixed Platforms.ActiveCfg = Release|x64
		{4CF0E608-F7B9-4AE7-8B74-3B0028E2A684}.Maya_2011|Mixed Platforms.Build.0 = Release|x64
		{4CF0E608-F7B9-4AE7-8B74-3B0028E2A684}.Maya_2011|Win32.ActiveCfg = Release|Win32
		{4CF0E608-F7B9-4AE7-8B74-3B0028E2A684}.Maya_2011|x64.ActiveCfg = Release|x64
		{4CF0E608-F7B9-4AE7-8B74-3B0028E2A684}.Maya_2012|Mixed Platforms.ActiveCfg = Release|x64
		{4CF0E608-F7B9-4AE7-8B74-3B0028E2A684}.Maya_2012|Mixed Platforms.Build.0 = Release|x64
		{4CF0E608-F7B9-4AE7-8B74-3B0028E2A684}.Maya_2012|Win32.ActiveCfg = Release|Win32
		{4CF0E608-F7B9-4AE7-8B74-3B0028E2A684}.Maya_2012|x64.ActiveCfg = Release|x64
		{4CF0E608-F7B9-4AE7-8B74-3B0028E2A684}.Maya_2013|Mixed Platforms.ActiveCfg = Release|x64
		{4CF0E608-F7B9-4AE7-8B74-3B0028E2A684}.Maya_2013|Mixed Platforms.Build.0 = Release|x64
		{4CF0E608-F7B9-4AE7-8B74-3B0028E2A684}.Maya_2013|Win32.ActiveCfg = Release|Win32
		{4CF0E608-F7B9-4AE7-8B74-3B0028E2A684}.Maya_2013|x64.ActiveCfg = Release|x64
		{4CF0E608-F7B9-4AE7-8B74-3B0028E2A684}.Maya_2014|Mixed Platforms.ActiveCfg = Release|x64
		{4CF0E608-F7B9-4AE7-8B74-3B0028E2A684}.Maya_2014|Mixed Platforms.Build.0 = Release|x64
		{4CF0E608-F7B9-4AE7-8B74-3B0028E2A684}.Maya_2014|Win32.ActiveCfg = Release|Win32
		{4CF0E608-F7B9-4AE7-8B74-3B0028E2A684}.Maya_2014|x64.ActiveCfg = Release|x64
		{4CF0E608-F7B9-4AE7-8B74-3B0028E2A684}.Maya_8.5|Mixed Platforms.ActiveCfg = Release|x64
		{4CF0E608-F7B9-4AE7-8B74-3B0028E2A684}.Maya_8.5|Mixed Platforms.Build.0 = Release|x64
		{4CF0E608-F7B9-4AE7-8B74-3B0028E2A684}.Maya_8.5|Win32.ActiveCfg = Release|Win32
		{4CF0E608-F7B9-4AE7-8B74-3B0028E2A684}.Maya_8.5|x64.ActiveCfg = Release|x64
		{4CF0E608-F7B9-4AE7-8B74-3B0028E2A684}.Release|Mixed Platforms.ActiveCfg = Release|x64
		{4CF0E608-F7B9-4AE7-8B74-3B0028E2A684}.Release|Mixed Platforms.Build.0 = Release|x64
		{4CF0E608-F7B9-4AE7-8B74-3B0028E2A684}.Release|Win32.ActiveCfg = Release|Win32
		{4CF0E608-F7B9-4AE7-8B74-3B0028E2A684}.Release|Win32.Build.0 = Release|Win32
		{4CF0E608-F7B9-4AE7-8B74-3B0028E2A684}.Release|x64.ActiveCfg = Release|x64
		{4CF0E608-F7B9-4AE7-8B74-3B0028E2A684}.Release|x64.Build.0 = Release|x64
		{EAA8A8AF-0810-453C-8156-83BDE70D026E}.3dsMax_2008|Mixed Platforms.ActiveCfg = Release|Any CPU
		{EAA8A8AF-0810-453C-8156-83BDE70D026E}.3dsMax_2008|Mixed Platforms.Build.0 = Release|Any CPU
		{EAA8A8AF-0810-453C-8156-83BDE70D026E}.3dsMax_2008|Win32.ActiveCfg = Release|Any CPU
		{EAA8A8AF-0810-453C-8156-83BDE70D026E}.3dsMax_2008|x64.ActiveCfg = Release|Any CPU
		{EAA8A8AF-0810-453C-8156-83BDE70D026E}.3dsMax_2009|Mixed Platforms.ActiveCfg = Release|Any CPU
		{EAA8A8AF-0810-453C-8156-83BDE70D026E}.3dsMax_2009|Mixed Platforms.Build.0 = Release|Any CPU
		{EAA8A8AF-0810-453C-8156-83BDE70D026E}.3dsMax_2009|Win32.ActiveCfg = Release|Any CPU
		{EAA8A8AF-0810-453C-8156-83BDE70D026E}.3dsMax_2009|x64.ActiveCfg = Release|Any CPU
		{EAA8A8AF-0810-453C-8156-83BDE70D026E}.3dsMax_2010|Mixed Platforms.ActiveCfg = Release|Any CPU
		{EAA8A8AF-0810-453C-8156-83BDE70D026E}.3dsMax_2010|Mixed Platforms.Build.0 = Release|Any CPU
		{EAA8A8AF-0810-453C-8156-83BDE70D026E}.3dsMax_2010|Win32.ActiveCfg = Release|Any CPU
		{EAA8A8AF-0810-453C-8156-83BDE70D026E}.3dsMax_2010|x64.ActiveCfg = Release|Any CPU
		{EAA8A8AF-0810-453C-8156-83BDE70D026E}.3dsMax_2011|Mixed Platforms.ActiveCfg = Release|Any CPU
		{EAA8A8AF-0810-453C-8156-83BDE70D026E}.3dsMax_2011|Mixed Platforms.Build.0 = Release|Any CPU
		{EAA8A8AF-0810-453C-8156-83BDE70D026E}.3dsMax_2011|Win32.ActiveCfg = Release|Any CPU
		{EAA8A8AF-0810-453C-8156-83BDE70D026E}.3dsMax_2011|x64.ActiveCfg = Release|Any CPU
		{EAA8A8AF-0810-453C-8156-83BDE70D026E}.3dsMax_2012|Mixed Platforms.ActiveCfg = Release|Any CPU
		{EAA8A8AF-0810-453C-8156-83BDE70D026E}.3dsMax_2012|Mixed Platforms.Build.0 = Release|Any CPU
		{EAA8A8AF-0810-453C-8156-83BDE70D026E}.3dsMax_2012|Win32.ActiveCfg = Release|Any CPU
		{EAA8A8AF-0810-453C-8156-83BDE70D026E}.3dsMax_2012|x64.ActiveCfg = Release|Any CPU
		{EAA8A8AF-0810-453C-8156-83BDE70D026E}.3dsMax_2013|Mixed Platforms.ActiveCfg = Release|Any CPU
		{EAA8A8AF-0810-453C-8156-83BDE70D026E}.3dsMax_2013|Mixed Platforms.Build.0 = Release|Any CPU
		{EAA8A8AF-0810-453C-8156-83BDE70D026E}.3dsMax_2013|Win32.ActiveCfg = Release|Any CPU
		{EAA8A8AF-0810-453C-8156-83BDE70D026E}.3dsMax_2013|x64.ActiveCfg = Release|Any CPU
		{EAA8A8AF-0810-453C-8156-83BDE70D026E}.3dsMax_2014|Mixed Platforms.ActiveCfg = Release|Any CPU
		{EAA8A8AF-0810-453C-8156-83BDE70D026E}.3dsMax_2014|Mixed Platforms.Build.0 = Release|Any CPU
		{EAA8A8AF-0810-453C-8156-83BDE70D026E}.3dsMax_2014|Win32.ActiveCfg = Debug|Any CPU
		{EAA8A8AF-0810-453C-8156-83BDE70D026E}.3dsMax_2014|x64.ActiveCfg = Release|Any CPU
		{EAA8A8AF-0810-453C-8156-83BDE70D026E}.3dsMax_7|Mixed Platforms.ActiveCfg = Release|Any CPU
		{EAA8A8AF-0810-453C-8156-83BDE70D026E}.3dsMax_7|Mixed Platforms.Build.0 = Release|Any CPU
		{EAA8A8AF-0810-453C-8156-83BDE70D026E}.3dsMax_7|Win32.ActiveCfg = Release|Any CPU
		{EAA8A8AF-0810-453C-8156-83BDE70D026E}.3dsMax_7|x64.ActiveCfg = Release|Any CPU
		{EAA8A8AF-0810-453C-8156-83BDE70D026E}.3dsMax_8|Mixed Platforms.ActiveCfg = Release|Any CPU
		{EAA8A8AF-0810-453C-8156-83BDE70D026E}.3dsMax_8|Mixed Platforms.Build.0 = Release|Any CPU
		{EAA8A8AF-0810-453C-8156-83BDE70D026E}.3dsMax_8|Win32.ActiveCfg = Release|Any CPU
		{EAA8A8AF-0810-453C-8156-83BDE70D026E}.3dsMax_8|x64.ActiveCfg = Release|Any CPU
		{EAA8A8AF-0810-453C-8156-83BDE70D026E}.3dsMax_9|Mixed Platforms.ActiveCfg = Release|Any CPU
		{EAA8A8AF-0810-453C-8156-83BDE70D026E}.3dsMax_9|Mixed Platforms.Build.0 = Release|Any CPU
		{EAA8A8AF-0810-453C-8156-83BDE70D026E}.3dsMax_9|Win32.ActiveCfg = Release|Any CPU
		{EAA8A8AF-0810-453C-8156-83BDE70D026E}.3dsMax_9|x64.ActiveCfg = Release|Any CPU
		{EAA8A8AF-0810-453C-8156-83BDE70D026E}.Debug|Mixed Platforms.ActiveCfg = Debug|Any CPU
		{EAA8A8AF-0810-453C-8156-83BDE70D026E}.Debug|Mixed Platforms.Build.0 = Debug|Any CPU
		{EAA8A8AF-0810-453C-8156-83BDE70D026E}.Debug|Win32.ActiveCfg = Debug|Any CPU
		{EAA8A8AF-0810-453C-8156-83BDE70D026E}.Debug|Win32.Build.0 = Debug|Any CPU
		{EAA8A8AF-0810-453C-8156-83BDE70D026E}.Debug|x64.ActiveCfg = Debug|Any CPU
		{EAA8A8AF-0810-453C-8156-83BDE70D026E}.Debug|x64.Build.0 = Debug|Any CPU
		{EAA8A8AF-0810-453C-8156-83BDE70D026E}.Maya_2008|Mixed Platforms.ActiveCfg = Release|Any CPU
		{EAA8A8AF-0810-453C-8156-83BDE70D026E}.Maya_2008|Mixed Platforms.Build.0 = Release|Any CPU
		{EAA8A8AF-0810-453C-8156-83BDE70D026E}.Maya_2008|Win32.ActiveCfg = Release|Any CPU
		{EAA8A8AF-0810-453C-8156-83BDE70D026E}.Maya_2008|x64.ActiveCfg = Release|Any CPU
		{EAA8A8AF-0810-453C-8156-83BDE70D026E}.Maya_2009|Mixed Platforms.ActiveCfg = Release|Any CPU
		{EAA8A8AF-0810-453C-8156-83BDE70D026E}.Maya_2009|Mixed Platforms.Build.0 = Release|Any CPU
		{EAA8A8AF-0810-453C-8156-83BDE70D026E}.Maya_2009|Win32.ActiveCfg = Release|Any CPU
		{EAA8A8AF-0810-453C-8156-83BDE70D026E}.Maya_2009|x64.ActiveCfg = Release|Any CPU
		{EAA8A8AF-0810-453C-8156-83BDE70D026E}.Maya_2010|Mixed Platforms.ActiveCfg = Release|Any CPU
		{EAA8A8AF-0810-453C-8156-83BDE70D026E}.Maya_2010|Mixed Platforms.Build.0 = Release|Any CPU
		{EAA8A8AF-0810-453C-8156-83BDE70D026E}.Maya_2010|Win32.ActiveCfg = Release|Any CPU
		{EAA8A8AF-0810-453C-8156-83BDE70D026E}.Maya_2010|x64.ActiveCfg = Release|Any CPU
		{EAA8A8AF-0810-453C-8156-83BDE70D026E}.Maya_2011|Mixed Platforms.ActiveCfg = Release|Any CPU
		{EAA8A8AF-0810-453C-8156-83BDE70D026E}.Maya_2011|Mixed Platforms.Build.0 = Release|Any CPU
		{EAA8A8AF-0810-453C-8156-83BDE70D026E}.Maya_2011|Win32.ActiveCfg = Release|Any CPU
		{EAA8A8AF-0810-453C-8156-83BDE70D026E}.Maya_2011|x64.ActiveCfg = Release|Any CPU
		{EAA8A8AF-0810-453C-8156-83BDE70D026E}.Maya_2012|Mixed Platforms.ActiveCfg = Release|Any CPU
		{EAA8A8AF-0810-453C-8156-83BDE70D026E}.Maya_2012|Mixed Platforms.Build.0 = Release|Any CPU
		{EAA8A8AF-0810-453C-8156-83BDE70D026E}.Maya_2012|Win32.ActiveCfg = Release|Any CPU
		{EAA8A8AF-0810-453C-8156-83BDE70D026E}.Maya_2012|x64.ActiveCfg = Release|Any CPU
		{EAA8A8AF-0810-453C-8156-83BDE70D026E}.Maya_2013|Mixed Platforms.ActiveCfg = Release|Any CPU
		{EAA8A8AF-0810-453C-8156-83BDE70D026E}.Maya_2013|Mixed Platforms.Build.0 = Release|Any CPU
		{EAA8A8AF-0810-453C-8156-83BDE70D026E}.Maya_2013|Win32.ActiveCfg = Release|Any CPU
		{EAA8A8AF-0810-453C-8156-83BDE70D026E}.Maya_2013|x64.ActiveCfg = Release|Any CPU
		{EAA8A8AF-0810-453C-8156-83BDE70D026E}.Maya_2014|Mixed Platforms.ActiveCfg = Release|Any CPU
		{EAA8A8AF-0810-453C-8156-83BDE70D026E}.Maya_2014|Mixed Platforms.Build.0 = Release|Any CPU
		{EAA8A8AF-0810-453C-8156-83BDE70D026E}.Maya_2014|Win32.ActiveCfg = Release|Any CPU
		{EAA8A8AF-0810-453C-8156-83BDE70D026E}.Maya_2014|x64.ActiveCfg = Release|Any CPU
		{EAA8A8AF-0810-453C-8156-83BDE70D026E}.Maya_8.5|Mixed Platforms.ActiveCfg = Release|Any CPU
		{EAA8A8AF-0810-453C-8156-83BDE70D026E}.Maya_8.5|Mixed Platforms.Build.0 = Release|Any CPU
		{EAA8A8AF-0810-453C-8156-83BDE70D026E}.Maya_8.5|Win32.ActiveCfg = Release|Any CPU
		{EAA8A8AF-0810-453C-8156-83BDE70D026E}.Maya_8.5|x64.ActiveCfg = Release|Any CPU
		{EAA8A8AF-0810-453C-8156-83BDE70D026E}.Release|Mixed Platforms.ActiveCfg = Release|Any CPU
		{EAA8A8AF-0810-453C-8156-83BDE70D026E}.Release|Mixed Platforms.Build.0 = Release|Any CPU
		{EAA8A8AF-0810-453C-8156-83BDE70D026E}.Release|Win32.ActiveCfg = Release|Any CPU
		{EAA8A8AF-0810-453C-8156-83BDE70D026E}.Release|Win32.Build.0 = Release|Any CPU
		{EAA8A8AF-0810-453C-8156-83BDE70D026E}.Release|x64.ActiveCfg = Release|Any CPU
		{EAA8A8AF-0810-453C-8156-83BDE70D026E}.Release|x64.Build.0 = Release|Any CPU
		{027F75E7-CA48-4A7C-B381-0B7E3D5E3BAC}.3dsMax_2008|Mixed Platforms.ActiveCfg = Release|x64
		{027F75E7-CA48-4A7C-B381-0B7E3D5E3BAC}.3dsMax_2008|Mixed Platforms.Build.0 = Release|x64
		{027F75E7-CA48-4A7C-B381-0B7E3D5E3BAC}.3dsMax_2008|Win32.ActiveCfg = Release|Win32
		{027F75E7-CA48-4A7C-B381-0B7E3D5E3BAC}.3dsMax_2008|x64.ActiveCfg = Release|x64
		{027F75E7-CA48-4A7C-B381-0B7E3D5E3BAC}.3dsMax_2009|Mixed Platforms.ActiveCfg = Release|x64
		{027F75E7-CA48-4A7C-B381-0B7E3D5E3BAC}.3dsMax_2009|Mixed Platforms.Build.0 = Release|x64
		{027F75E7-CA48-4A7C-B381-0B7E3D5E3BAC}.3dsMax_2009|Win32.ActiveCfg = Release|Win32
		{027F75E7-CA48-4A7C-B381-0B7E3D5E3BAC}.3dsMax_2009|x64.ActiveCfg = Release|x64
		{027F75E7-CA48-4A7C-B381-0B7E3D5E3BAC}.3dsMax_2010|Mixed Platforms.ActiveCfg = Release|x64
		{027F75E7-CA48-4A7C-B381-0B7E3D5E3BAC}.3dsMax_2010|Mixed Platforms.Build.0 = Release|x64
		{027F75E7-CA48-4A7C-B381-0B7E3D5E3BAC}.3dsMax_2010|Win32.ActiveCfg = Release|Win32
		{027F75E7-CA48-4A7C-B381-0B7E3D5E3BAC}.3dsMax_2010|x64.ActiveCfg = Release|x64
		{027F75E7-CA48-4A7C-B381-0B7E3D5E3BAC}.3dsMax_2011|Mixed Platforms.ActiveCfg = Release|x64
		{027F75E7-CA48-4A7C-B381-0B7E3D5E3BAC}.3dsMax_2011|Mixed Platforms.Build.0 = Release|x64
		{027F75E7-CA48-4A7C-B381-0B7E3D5E3BAC}.3dsMax_2011|Win32.ActiveCfg = Release|Win32
		{027F75E7-CA48-4A7C-B381-0B7E3D5E3BAC}.3dsMax_2011|x64.ActiveCfg = Release|x64
		{027F75E7-CA48-4A7C-B381-0B7E3D5E3BAC}.3dsMax_2012|Mixed Platforms.ActiveCfg = Release|x64
		{027F75E7-CA48-4A7C-B381-0B7E3D5E3BAC}.3dsMax_2012|Mixed Platforms.Build.0 = Release|x64
		{027F75E7-CA48-4A7C-B381-0B7E3D5E3BAC}.3dsMax_2012|Win32.ActiveCfg = Release|Win32
		{027F75E7-CA48-4A7C-B381-0B7E3D5E3BAC}.3dsMax_2012|x64.ActiveCfg = Release|x64
		{027F75E7-CA48-4A7C-B381-0B7E3D5E3BAC}.3dsMax_2013|Mixed Platforms.ActiveCfg = Release|x64
		{027F75E7-CA48-4A7C-B381-0B7E3D5E3BAC}.3dsMax_2013|Mixed Platforms.Build.0 = Release|x64
		{027F75E7-CA48-4A7C-B381-0B7E3D5E3BAC}.3dsMax_2013|Win32.ActiveCfg = Release|Win32
		{027F75E7-CA48-4A7C-B381-0B7E3D5E3BAC}.3dsMax_2013|x64.ActiveCfg = Release|x64
		{027F75E7-CA48-4A7C-B381-0B7E3D5E3BAC}.3dsMax_2014|Mixed Platforms.ActiveCfg = Release|x64
		{027F75E7-CA48-4A7C-B381-0B7E3D5E3BAC}.3dsMax_2014|Mixed Platforms.Build.0 = Release|x64
		{027F75E7-CA48-4A7C-B381-0B7E3D5E3BAC}.3dsMax_2014|Win32.ActiveCfg = Debug|Win32
		{027F75E7-CA48-4A7C-B381-0B7E3D5E3BAC}.3dsMax_2014|x64.ActiveCfg = Debug|x64
		{027F75E7-CA48-4A7C-B381-0B7E3D5E3BAC}.3dsMax_7|Mixed Platforms.ActiveCfg = Release|x64
		{027F75E7-CA48-4A7C-B381-0B7E3D5E3BAC}.3dsMax_7|Mixed Platforms.Build.0 = Release|x64
		{027F75E7-CA48-4A7C-B381-0B7E3D5E3BAC}.3dsMax_7|Win32.ActiveCfg = Release|Win32
		{027F75E7-CA48-4A7C-B381-0B7E3D5E3BAC}.3dsMax_7|x64.ActiveCfg = Release|x64
		{027F75E7-CA48-4A7C-B381-0B7E3D5E3BAC}.3dsMax_8|Mixed Platforms.ActiveCfg = Release|x64
		{027F75E7-CA48-4A7C-B381-0B7E3D5E3BAC}.3dsMax_8|Mixed Platforms.Build.0 = Release|x64
		{027F75E7-CA48-4A7C-B381-0B7E3D5E3BAC}.3dsMax_8|Win32.ActiveCfg = Release|Win32
		{027F75E7-CA48-4A7C-B381-0B7E3D5E3BAC}.3dsMax_8|x64.ActiveCfg = Release|x64
		{027F75E7-CA48-4A7C-B381-0B7E3D5E3BAC}.3dsMax_9|Mixed Platforms.ActiveCfg = Release|x64
		{027F75E7-CA48-4A7C-B381-0B7E3D5E3BAC}.3dsMax_9|Mixed Platforms.Build.0 = Release|x64
		{027F75E7-CA48-4A7C-B381-0B7E3D5E3BAC}.3dsMax_9|Win32.ActiveCfg = Release|Win32
		{027F75E7-CA48-4A7C-B381-0B7E3D5E3BAC}.3dsMax_9|x64.ActiveCfg = Release|x64
		{027F75E7-CA48-4A7C-B381-0B7E3D5E3BAC}.Debug|Mixed Platforms.ActiveCfg = Debug|x64
		{027F75E7-CA48-4A7C-B381-0B7E3D5E3BAC}.Debug|Mixed Platforms.Build.0 = Debug|x64
		{027F75E7-CA48-4A7C-B381-0B7E3D5E3BAC}.Debug|Win32.ActiveCfg = Debug|Win32
		{027F75E7-CA48-4A7C-B381-0B7E3D5E3BAC}.Debug|Win32.Build.0 = Debug|Win32
		{027F75E7-CA48-4A7C-B381-0B7E3D5E3BAC}.Debug|x64.ActiveCfg = Debug|x64
		{027F75E7-CA48-4A7C-B381-0B7E3D5E3BAC}.Debug|x64.Build.0 = Debug|x64
		{027F75E7-CA48-4A7C-B381-0B7E3D5E3BAC}.Maya_2008|Mixed Platforms.ActiveCfg = Release|x64
		{027F75E7-CA48-4A7C-B381-0B7E3D5E3BAC}.Maya_2008|Mixed Platforms.Build.0 = Release|x64
		{027F75E7-CA48-4A7C-B381-0B7E3D5E3BAC}.Maya_2008|Win32.ActiveCfg = Release|Win32
		{027F75E7-CA48-4A7C-B381-0B7E3D5E3BAC}.Maya_2008|x64.ActiveCfg = Release|x64
		{027F75E7-CA48-4A7C-B381-0B7E3D5E3BAC}.Maya_2009|Mixed Platforms.ActiveCfg = Release|x64
		{027F75E7-CA48-4A7C-B381-0B7E3D5E3BAC}.Maya_2009|Mixed Platforms.Build.0 = Release|x64
		{027F75E7-CA48-4A7C-B381-0B7E3D5E3BAC}.Maya_2009|Win32.ActiveCfg = Release|Win32
		{027F75E7-CA48-4A7C-B381-0B7E3D5E3BAC}.Maya_2009|x64.ActiveCfg = Release|x64
		{027F75E7-CA48-4A7C-B381-0B7E3D5E3BAC}.Maya_2010|Mixed Platforms.ActiveCfg = Release|x64
		{027F75E7-CA48-4A7C-B381-0B7E3D5E3BAC}.Maya_2010|Mixed Platforms.Build.0 = Release|x64
		{027F75E7-CA48-4A7C-B381-0B7E3D5E3BAC}.Maya_2010|Win32.ActiveCfg = Release|Win32
		{027F75E7-CA48-4A7C-B381-0B7E3D5E3BAC}.Maya_2010|x64.ActiveCfg = Release|x64
		{027F75E7-CA48-4A7C-B381-0B7E3D5E3BAC}.Maya_2011|Mixed Platforms.ActiveCfg = Release|x64
		{027F75E7-CA48-4A7C-B381-0B7E3D5E3BAC}.Maya_2011|Mixed Platforms.Build.0 = Release|x64
		{027F75E7-CA48-4A7C-B381-0B7E3D5E3BAC}.Maya_2011|Win32.ActiveCfg = Release|Win32
		{027F75E7-CA48-4A7C-B381-0B7E3D5E3BAC}.Maya_2011|x64.ActiveCfg = Release|x64
		{027F75E7-CA48-4A7C-B381-0B7E3D5E3BAC}.Maya_2012|Mixed Platforms.ActiveCfg = Release|x64
		{027F75E7-CA48-4A7C-B381-0B7E3D5E3BAC}.Maya_2012|Mixed Platforms.Build.0 = Release|x64
		{027F75E7-CA48-4A7C-B381-0B7E3D5E3BAC}.Maya_2012|Win32.ActiveCfg = Release|Win32
		{027F75E7-CA48-4A7C-B381-0B7E3D5E3BAC}.Maya_2012|x64.ActiveCfg = Release|x64
		{027F75E7-CA48-4A7C-B381-0B7E3D5E3BAC}.Maya_2013|Mixed Platforms.ActiveCfg = Release|x64
		{027F75E7-CA48-4A7C-B381-0B7E3D5E3BAC}.Maya_2013|Mixed Platforms.Build.0 = Release|x64
		{027F75E7-CA48-4A7C-B381-0B7E3D5E3BAC}.Maya_2013|Win32.ActiveCfg = Release|Win32
		{027F75E7-CA48-4A7C-B381-0B7E3D5E3BAC}.Maya_2013|x64.ActiveCfg = Release|x64
		{027F75E7-CA48-4A7C-B381-0B7E3D5E3BAC}.Maya_2014|Mixed Platforms.ActiveCfg = Release|x64
		{027F75E7-CA48-4A7C-B381-0B7E3D5E3BAC}.Maya_2014|Mixed Platforms.Build.0 = Release|x64
		{027F75E7-CA48-4A7C-B381-0B7E3D5E3BAC}.Maya_2014|Win32.ActiveCfg = Release|Win32
		{027F75E7-CA48-4A7C-B381-0B7E3D5E3BAC}.Maya_2014|x64.ActiveCfg = Release|x64
		{027F75E7-CA48-4A7C-B381-0B7E3D5E3BAC}.Maya_8.5|Mixed Platforms.ActiveCfg = Release|x64
		{027F75E7-CA48-4A7C-B381-0B7E3D5E3BAC}.Maya_8.5|Mixed Platforms.Build.0 = Release|x64
		{027F75E7-CA48-4A7C-B381-0B7E3D5E3BAC}.Maya_8.5|Win32.ActiveCfg = Release|Win32
		{027F75E7-CA48-4A7C-B381-0B7E3D5E3BAC}.Maya_8.5|x64.ActiveCfg = Release|x64
		{027F75E7-CA48-4A7C-B381-0B7E3D5E3BAC}.Release|Mixed Platforms.ActiveCfg = Release|x64
		{027F75E7-CA48-4A7C-B381-0B7E3D5E3BAC}.Release|Mixed Platforms.Build.0 = Release|x64
		{027F75E7-CA48-4A7C-B381-0B7E3D5E3BAC}.Release|Win32.ActiveCfg = Release|Win32
		{027F75E7-CA48-4A7C-B381-0B7E3D5E3BAC}.Release|Win32.Build.0 = Release|Win32
		{027F75E7-CA48-4A7C-B381-0B7E3D5E3BAC}.Release|x64.ActiveCfg = Release|x64
		{027F75E7-CA48-4A7C-B381-0B7E3D5E3BAC}.Release|x64.Build.0 = Release|x64
		{18755926-789E-4A1C-B753-5A42CA825FDB}.3dsMax_2008|Mixed Platforms.ActiveCfg = Maya_8.5|x64
		{18755926-789E-4A1C-B753-5A42CA825FDB}.3dsMax_2008|Mixed Platforms.Build.0 = Maya_8.5|x64
		{18755926-789E-4A1C-B753-5A42CA825FDB}.3dsMax_2008|Win32.ActiveCfg = Maya_8.5|x64
		{18755926-789E-4A1C-B753-5A42CA825FDB}.3dsMax_2008|x64.ActiveCfg = Maya_8.5|x64
		{18755926-789E-4A1C-B753-5A42CA825FDB}.3dsMax_2008|x64.Build.0 = Maya_8.5|x64
		{18755926-789E-4A1C-B753-5A42CA825FDB}.3dsMax_2009|Mixed Platforms.ActiveCfg = Maya_8.5|x64
		{18755926-789E-4A1C-B753-5A42CA825FDB}.3dsMax_2009|Mixed Platforms.Build.0 = Maya_8.5|x64
		{18755926-789E-4A1C-B753-5A42CA825FDB}.3dsMax_2009|Win32.ActiveCfg = Maya_8.5|x64
		{18755926-789E-4A1C-B753-5A42CA825FDB}.3dsMax_2009|x64.ActiveCfg = Maya_8.5|x64
		{18755926-789E-4A1C-B753-5A42CA825FDB}.3dsMax_2009|x64.Build.0 = Maya_8.5|x64
		{18755926-789E-4A1C-B753-5A42CA825FDB}.3dsMax_2010|Mixed Platforms.ActiveCfg = Maya_8.5|x64
		{18755926-789E-4A1C-B753-5A42CA825FDB}.3dsMax_2010|Mixed Platforms.Build.0 = Maya_8.5|x64
		{18755926-789E-4A1C-B753-5A42CA825FDB}.3dsMax_2010|Win32.ActiveCfg = Maya_8.5|x64
		{18755926-789E-4A1C-B753-5A42CA825FDB}.3dsMax_2010|x64.ActiveCfg = Maya_8.5|x64
		{18755926-789E-4A1C-B753-5A42CA825FDB}.3dsMax_2010|x64.Build.0 = Maya_8.5|x64
		{18755926-789E-4A1C-B753-5A42CA825FDB}.3dsMax_2011|Mixed Platforms.ActiveCfg = Maya_8.5|x64
		{18755926-789E-4A1C-B753-5A42CA825FDB}.3dsMax_2011|Mixed Platforms.Build.0 = Maya_8.5|x64
		{18755926-789E-4A1C-B753-5A42CA825FDB}.3dsMax_2011|Win32.ActiveCfg = Maya_8.5|x64
		{18755926-789E-4A1C-B753-5A42CA825FDB}.3dsMax_2011|x64.ActiveCfg = Maya_8.5|x64
		{18755926-789E-4A1C-B753-5A42CA825FDB}.3dsMax_2011|x64.Build.0 = Maya_8.5|x64
		{18755926-789E-4A1C-B753-5A42CA825FDB}.3dsMax_2012|Mixed Platforms.ActiveCfg = Maya_8.5|x64
		{18755926-789E-4A1C-B753-5A42CA825FDB}.3dsMax_2012|Mixed Platforms.Build.0 = Maya_8.5|x64
		{18755926-789E-4A1C-B753-5A42CA825FDB}.3dsMax_2012|Win32.ActiveCfg = Maya_8.5|x64
		{18755926-789E-4A1C-B753-5A42CA825FDB}.3dsMax_2012|x64.ActiveCfg = Maya_8.5|x64
		{18755926-789E-4A1C-B753-5A42CA825FDB}.3dsMax_2012|x64.Build.0 = Maya_8.5|x64
		{18755926-789E-4A1C-B753-5A42CA825FDB}.3dsMax_2013|Mixed Platforms.ActiveCfg = Maya_8.5|x64
		{18755926-789E-4A1C-B753-5A42CA825FDB}.3dsMax_2013|Mixed Platforms.Build.0 = Maya_8.5|x64
		{18755926-789E-4A1C-B753-5A42CA825FDB}.3dsMax_2013|Win32.ActiveCfg = Maya_8.5|x64
		{18755926-789E-4A1C-B753-5A42CA825FDB}.3dsMax_2013|x64.ActiveCfg = Maya_8.5|x64
		{18755926-789E-4A1C-B753-5A42CA825FDB}.3dsMax_2013|x64.Build.0 = Maya_8.5|x64
		{18755926-789E-4A1C-B753-5A42CA825FDB}.3dsMax_2014|Mixed Platforms.ActiveCfg = Maya_8.5|x64
		{18755926-789E-4A1C-B753-5A42CA825FDB}.3dsMax_2014|Mixed Platforms.Build.0 = Maya_8.5|x64
		{18755926-789E-4A1C-B753-5A42CA825FDB}.3dsMax_2014|Win32.ActiveCfg = Maya_8.5|x64
		{18755926-789E-4A1C-B753-5A42CA825FDB}.3dsMax_2014|x64.ActiveCfg = Maya_8.5|x64
		{18755926-789E-4A1C-B753-5A42CA825FDB}.3dsMax_2014|x64.Build.0 = Maya_8.5|x64
		{18755926-789E-4A1C-B753-5A42CA825FDB}.3dsMax_7|Mixed Platforms.ActiveCfg = Maya_8.5|x64
		{18755926-789E-4A1C-B753-5A42CA825FDB}.3dsMax_7|Mixed Platforms.Build.0 = Maya_8.5|x64
		{18755926-789E-4A1C-B753-5A42CA825FDB}.3dsMax_7|Win32.ActiveCfg = Maya_8.5|x64
		{18755926-789E-4A1C-B753-5A42CA825FDB}.3dsMax_7|x64.ActiveCfg = Maya_8.5|x64
		{18755926-789E-4A1C-B753-5A42CA825FDB}.3dsMax_7|x64.Build.0 = Maya_8.5|x64
		{18755926-789E-4A1C-B753-5A42CA825FDB}.3dsMax_8|Mixed Platforms.ActiveCfg = Maya_8.5|x64
		{18755926-789E-4A1C-B753-5A42CA825FDB}.3dsMax_8|Mixed Platforms.Build.0 = Maya_8.5|x64
		{18755926-789E-4A1C-B753-5A42CA825FDB}.3dsMax_8|Win32.ActiveCfg = Maya_8.5|x64
		{18755926-789E-4A1C-B753-5A42CA825FDB}.3dsMax_8|x64.ActiveCfg = Maya_8.5|x64
		{18755926-789E-4A1C-B753-5A42CA825FDB}.3dsMax_8|x64.Build.0 = Maya_8.5|x64
		{18755926-789E-4A1C-B753-5A42CA825FDB}.3dsMax_9|Mixed Platforms.ActiveCfg = Maya_8.5|x64
		{18755926-789E-4A1C-B753-5A42CA825FDB}.3dsMax_9|Mixed Platforms.Build.0 = Maya_8.5|x64
		{18755926-789E-4A1C-B753-5A42CA825FDB}.3dsMax_9|Win32.ActiveCfg = Maya_8.5|x64
		{18755926-789E-4A1C-B753-5A42CA825FDB}.3dsMax_9|x64.ActiveCfg = Maya_8.5|x64
		{18755926-789E-4A1C-B753-5A42CA825FDB}.3dsMax_9|x64.Build.0 = Maya_8.5|x64
		{18755926-789E-4A1C-B753-5A42CA825FDB}.Debug|Mixed Platforms.ActiveCfg = Maya_8.5|x64
		{18755926-789E-4A1C-B753-5A42CA825FDB}.Debug|Mixed Platforms.Build.0 = Maya_8.5|x64
		{18755926-789E-4A1C-B753-5A42CA825FDB}.Debug|Win32.ActiveCfg = Maya_8.5|Win32
		{18755926-789E-4A1C-B753-5A42CA825FDB}.Debug|x64.ActiveCfg = Maya_8.5|x64
		{18755926-789E-4A1C-B753-5A42CA825FDB}.Maya_2008|Mixed Platforms.ActiveCfg = Maya_8.5|x64
		{18755926-789E-4A1C-B753-5A42CA825FDB}.Maya_2008|Mixed Platforms.Build.0 = Maya_8.5|x64
		{18755926-789E-4A1C-B753-5A42CA825FDB}.Maya_2008|Win32.ActiveCfg = Maya_2008|Win32
		{18755926-789E-4A1C-B753-5A42CA825FDB}.Maya_2008|Win32.Build.0 = Maya_2008|Win32
		{18755926-789E-4A1C-B753-5A42CA825FDB}.Maya_2008|x64.ActiveCfg = Maya_2008|x64
		{18755926-789E-4A1C-B753-5A42CA825FDB}.Maya_2008|x64.Build.0 = Maya_2008|x64
		{18755926-789E-4A1C-B753-5A42CA825FDB}.Maya_2009|Mixed Platforms.ActiveCfg = Maya_8.5|x64
		{18755926-789E-4A1C-B753-5A42CA825FDB}.Maya_2009|Mixed Platforms.Build.0 = Maya_8.5|x64
		{18755926-789E-4A1C-B753-5A42CA825FDB}.Maya_2009|Win32.ActiveCfg = Maya_2009|Win32
		{18755926-789E-4A1C-B753-5A42CA825FDB}.Maya_2009|Win32.Build.0 = Maya_2009|Win32
		{18755926-789E-4A1C-B753-5A42CA825FDB}.Maya_2009|x64.ActiveCfg = Maya_2009|x64
		{18755926-789E-4A1C-B753-5A42CA825FDB}.Maya_2009|x64.Build.0 = Maya_2009|x64
		{18755926-789E-4A1C-B753-5A42CA825FDB}.Maya_2010|Mixed Platforms.ActiveCfg = Maya_8.5|x64
		{18755926-789E-4A1C-B753-5A42CA825FDB}.Maya_2010|Mixed Platforms.Build.0 = Maya_8.5|x64
		{18755926-789E-4A1C-B753-5A42CA825FDB}.Maya_2010|Win32.ActiveCfg = Maya_2010|Win32
		{18755926-789E-4A1C-B753-5A42CA825FDB}.Maya_2010|Win32.Build.0 = Maya_2010|Win32
		{18755926-789E-4A1C-B753-5A42CA825FDB}.Maya_2010|x64.ActiveCfg = Maya_2010|x64
		{18755926-789E-4A1C-B753-5A42CA825FDB}.Maya_2010|x64.Build.0 = Maya_2010|x64
		{18755926-789E-4A1C-B753-5A42CA825FDB}.Maya_2011|Mixed Platforms.ActiveCfg = Maya_8.5|x64
		{18755926-789E-4A1C-B753-5A42CA825FDB}.Maya_2011|Mixed Platforms.Build.0 = Maya_8.5|x64
		{18755926-789E-4A1C-B753-5A42CA825FDB}.Maya_2011|Win32.ActiveCfg = Maya_2011|Win32
		{18755926-789E-4A1C-B753-5A42CA825FDB}.Maya_2011|Win32.Build.0 = Maya_2011|Win32
		{18755926-789E-4A1C-B753-5A42CA825FDB}.Maya_2011|x64.ActiveCfg = Maya_2011|x64
		{18755926-789E-4A1C-B753-5A42CA825FDB}.Maya_2011|x64.Build.0 = Maya_2011|x64
		{18755926-789E-4A1C-B753-5A42CA825FDB}.Maya_2012|Mixed Platforms.ActiveCfg = Maya_8.5|x64
		{18755926-789E-4A1C-B753-5A42CA825FDB}.Maya_2012|Mixed Platforms.Build.0 = Maya_8.5|x64
		{18755926-789E-4A1C-B753-5A42CA825FDB}.Maya_2012|Win32.ActiveCfg = Maya_2012|Win32
		{18755926-789E-4A1C-B753-5A42CA825FDB}.Maya_2012|Win32.Build.0 = Maya_2012|Win32
		{18755926-789E-4A1C-B753-5A42CA825FDB}.Maya_2012|x64.ActiveCfg = Maya_2012|x64
		{18755926-789E-4A1C-B753-5A42CA825FDB}.Maya_2012|x64.Build.0 = Maya_2012|x64
		{18755926-789E-4A1C-B753-5A42CA825FDB}.Maya_2013|Mixed Platforms.ActiveCfg = Maya_8.5|x64
		{18755926-789E-4A1C-B753-5A42CA825FDB}.Maya_2013|Mixed Platforms.Build.0 = Maya_8.5|x64
		{18755926-789E-4A1C-B753-5A42CA825FDB}.Maya_2013|Win32.ActiveCfg = Maya_2013|Win32
		{18755926-789E-4A1C-B753-5A42CA825FDB}.Maya_2013|Win32.Build.0 = Maya_2013|Win32
		{18755926-789E-4A1C-B753-5A42CA825FDB}.Maya_2013|x64.ActiveCfg = Maya_2013|x64
		{18755926-789E-4A1C-B753-5A42CA825FDB}.Maya_2013|x64.Build.0 = Maya_2013|x64
		{18755926-789E-4A1C-B753-5A42CA825FDB}.Maya_2014|Mixed Platforms.ActiveCfg = Maya_8.5|x64
		{18755926-789E-4A1C-B753-5A42CA825FDB}.Maya_2014|Mixed Platforms.Build.0 = Maya_8.5|x64
		{18755926-789E-4A1C-B753-5A42CA825FDB}.Maya_2014|Win32.ActiveCfg = Maya_2014|Win32
		{18755926-789E-4A1C-B753-5A42CA825FDB}.Maya_2014|x64.ActiveCfg = Maya_2014|x64
		{18755926-789E-4A1C-B753-5A42CA825FDB}.Maya_2014|x64.Build.0 = Maya_2014|x64
		{18755926-789E-4A1C-B753-5A42CA825FDB}.Maya_8.5|Mixed Platforms.ActiveCfg = Maya_8.5|x64
		{18755926-789E-4A1C-B753-5A42CA825FDB}.Maya_8.5|Mixed Platforms.Build.0 = Maya_8.5|x64
		{18755926-789E-4A1C-B753-5A42CA825FDB}.Maya_8.5|Win32.ActiveCfg = Maya_8.5|Win32
		{18755926-789E-4A1C-B753-5A42CA825FDB}.Maya_8.5|Win32.Build.0 = Maya_8.5|Win32
		{18755926-789E-4A1C-B753-5A42CA825FDB}.Maya_8.5|x64.ActiveCfg = Maya_8.5|x64
		{18755926-789E-4A1C-B753-5A42CA825FDB}.Maya_8.5|x64.Build.0 = Maya_8.5|x64
		{18755926-789E-4A1C-B753-5A42CA825FDB}.Release|Mixed Platforms.ActiveCfg = Maya_8.5|x64
		{18755926-789E-4A1C-B753-5A42CA825FDB}.Release|Mixed Platforms.Build.0 = Maya_8.5|x64
		{18755926-789E-4A1C-B753-5A42CA825FDB}.Release|Win32.ActiveCfg = Maya_8.5|Win32
		{18755926-789E-4A1C-B753-5A42CA825FDB}.Release|x64.ActiveCfg = Maya_8.5|x64
	EndGlobalSection
	GlobalSection(SolutionProperties) = preSolution
		HideSolutionNode = FALSE
	EndGlobalSection
EndGlobal
