
Microsoft Visual Studio Solution File, Format Version 10.00
# Visual Studio 2008
Project("{8BC9CEB8-8B4A-11D0-8D11-00A0C91BC942}") = "magicdds", "magicdds.vcproj", "{4CF0E608-F7B9-4AE7-8B74-3B0028E2A684}"
EndProject
Global
	GlobalSection(SolutionConfigurationPlatforms) = preSolution
		Debug|Win32 = Debug|Win32
		Release|Win32 = Release|Win32
	EndGlobalSection
	GlobalSection(ProjectConfigurationPlatforms) = postSolution
		{4CF0E608-F7B9-4AE7-8B74-3B0028E2A684}.Debug|Win32.ActiveCfg = Debug|Win32
		{4CF0E608-F7B9-4AE7-8B74-3B0028E2A684}.Debug|Win32.Build.0 = Debug|Win32
		{4CF0E608-F7B9-4AE7-8B74-3B0028E2A684}.Release|Win32.ActiveCfg = Release|Win32
		{4CF0E608-F7B9-4AE7-8B74-3B0028E2A684}.Release|Win32.Build.0 = Release|Win32
	EndGlobalSection
	GlobalSection(SolutionProperties) = preSolution
		HideSolutionNode = FALSE
	EndGlobalSection
EndGlobal
